
Microsoft Visual Studio Solution File, Format Version 12.00
# Visual Studio Version 16
VisualStudioVersion = 16.0.29306.81
MinimumVisualStudioVersion = 10.0.40219.1
Project("{FAE04EC0-301F-11D3-BF4B-00C04F79EFBC}") = "Login and Register System", "Login and Register System\Login and Register System.csproj", "{44B035B2-6A5F-4567-B900-C884E4C4B8AA}"
EndProject
Global
	GlobalSection(SolutionConfigurationPlatforms) = preSolution
		Debug|Any CPU = Debug|Any CPU
		Release|Any CPU = Release|Any CPU
	EndGlobalSection
	GlobalSection(ProjectConfigurationPlatforms) = postSolution
		{44B035B2-6A5F-4567-B900-C884E4C4B8AA}.Debug|Any CPU.ActiveCfg = Debug|Any CPU
		{44B035B2-6A5F-4567-B900-C884E4C4B8AA}.Debug|Any CPU.Build.0 = Debug|Any CPU
		{44B035B2-6A5F-4567-B900-C884E4C4B8AA}.Release|Any CPU.ActiveCfg = Release|Any CPU
		{44B035B2-6A5F-4567-B900-C884E4C4B8AA}.Release|Any CPU.Build.0 = Release|Any CPU
	EndGlobalSection
	GlobalSection(SolutionProperties) = preSolution
		HideSolutionNode = FALSE
	EndGlobalSection
	GlobalSection(ExtensibilityGlobals) = postSolution
		SolutionGuid = {49482D5B-05D2-444F-928C-83A87C4F2A76}
	EndGlobalSection
EndGlobal
