
Microsoft Visual Studio Solution File, Format Version 12.00
# Visual Studio Version 16
VisualStudioVersion = 16.0.29306.81
MinimumVisualStudioVersion = 10.0.40219.1
Project("{FAE04EC0-301F-11D3-BF4B-00C04F79EFBC}") = "ArithmeticOperation", "ArithmeticOperation\ArithmeticOperation.csproj", "{B9153DBA-5C0E-424F-B187-E601038A0070}"
EndProject
Global
	GlobalSection(SolutionConfigurationPlatforms) = preSolution
		Debug|Any CPU = Debug|Any CPU
		Release|Any CPU = Release|Any CPU
	EndGlobalSection
	GlobalSection(ProjectConfigurationPlatforms) = postSolution
		{B9153DBA-5C0E-424F-B187-E601038A0070}.Debug|Any CPU.ActiveCfg = Debug|Any CPU
		{B9153DBA-5C0E-424F-B187-E601038A0070}.Debug|Any CPU.Build.0 = Debug|Any CPU
		{B9153DBA-5C0E-424F-B187-E601038A0070}.Release|Any CPU.ActiveCfg = Release|Any CPU
		{B9153DBA-5C0E-424F-B187-E601038A0070}.Release|Any CPU.Build.0 = Release|Any CPU
	EndGlobalSection
	GlobalSection(SolutionProperties) = preSolution
		HideSolutionNode = FALSE
	EndGlobalSection
	GlobalSection(ExtensibilityGlobals) = postSolution
		SolutionGuid = {5033A6E4-326B-4B30-A011-0D88BB2876CC}
	EndGlobalSection
EndGlobal
