
Microsoft Visual Studio Solution File, Format Version 12.00
# Visual Studio Version 16
VisualStudioVersion = 16.0.29306.81
MinimumVisualStudioVersion = 10.0.40219.1
Project("{FAE04EC0-301F-11D3-BF4B-00C04F79EFBC}") = "Conditional Statement", "Conditional Statement\Conditional Statement.csproj", "{9B13D23C-02A5-4861-9465-54F02FEB06A2}"
EndProject
Global
	GlobalSection(SolutionConfigurationPlatforms) = preSolution
		Debug|Any CPU = Debug|Any CPU
		Release|Any CPU = Release|Any CPU
	EndGlobalSection
	GlobalSection(ProjectConfigurationPlatforms) = postSolution
		{9B13D23C-02A5-4861-9465-54F02FEB06A2}.Debug|Any CPU.ActiveCfg = Debug|Any CPU
		{9B13D23C-02A5-4861-9465-54F02FEB06A2}.Debug|Any CPU.Build.0 = Debug|Any CPU
		{9B13D23C-02A5-4861-9465-54F02FEB06A2}.Release|Any CPU.ActiveCfg = Release|Any CPU
		{9B13D23C-02A5-4861-9465-54F02FEB06A2}.Release|Any CPU.Build.0 = Release|Any CPU
	EndGlobalSection
	GlobalSection(SolutionProperties) = preSolution
		HideSolutionNode = FALSE
	EndGlobalSection
	GlobalSection(ExtensibilityGlobals) = postSolution
		SolutionGuid = {5DD30BD8-4AE6-4E0F-A5DF-6D3FF0D8562F}
	EndGlobalSection
EndGlobal
