
Microsoft Visual Studio Solution File, Format Version 12.00
# Visual Studio Version 16
VisualStudioVersion = 16.0.29306.81
MinimumVisualStudioVersion = 10.0.40219.1
Project("{FAE04EC0-301F-11D3-BF4B-00C04F79EFBC}") = "BasicClaculator", "BasicClaculator\BasicClaculator.csproj", "{6711EF6D-D5A0-4488-B15E-7BB2F864D274}"
EndProject
Global
	GlobalSection(SolutionConfigurationPlatforms) = preSolution
		Debug|Any CPU = Debug|Any CPU
		Release|Any CPU = Release|Any CPU
	EndGlobalSection
	GlobalSection(ProjectConfigurationPlatforms) = postSolution
		{6711EF6D-D5A0-4488-B15E-7BB2F864D274}.Debug|Any CPU.ActiveCfg = Debug|Any CPU
		{6711EF6D-D5A0-4488-B15E-7BB2F864D274}.Debug|Any CPU.Build.0 = Debug|Any CPU
		{6711EF6D-D5A0-4488-B15E-7BB2F864D274}.Release|Any CPU.ActiveCfg = Release|Any CPU
		{6711EF6D-D5A0-4488-B15E-7BB2F864D274}.Release|Any CPU.Build.0 = Release|Any CPU
	EndGlobalSection
	GlobalSection(SolutionProperties) = preSolution
		HideSolutionNode = FALSE
	EndGlobalSection
	GlobalSection(ExtensibilityGlobals) = postSolution
		SolutionGuid = {75516DCF-B2DC-4277-A9EB-24B8BEF4E5CA}
	EndGlobalSection
EndGlobal
